
Microsoft Visual Studio Solution File, Format Version 12.00
# Visual Studio Version 16
VisualStudioVersion = 16.0.29911.84
MinimumVisualStudioVersion = 10.0.40219.1
Project("{FAE04EC0-301F-11D3-BF4B-00C04F79EFBC}") = "Code and Decode base64", "Code and Decode base64\Code and Decode base64.csproj", "{B7F6ECFE-02D5-4200-AF89-B865F13538A9}"
EndProject
Global
	GlobalSection(SolutionConfigurationPlatforms) = preSolution
		Debug|Any CPU = Debug|Any CPU
		Release|Any CPU = Release|Any CPU
	EndGlobalSection
	GlobalSection(ProjectConfigurationPlatforms) = postSolution
		{B7F6ECFE-02D5-4200-AF89-B865F13538A9}.Debug|Any CPU.ActiveCfg = Debug|Any CPU
		{B7F6ECFE-02D5-4200-AF89-B865F13538A9}.Debug|Any CPU.Build.0 = Debug|Any CPU
		{B7F6ECFE-02D5-4200-AF89-B865F13538A9}.Release|Any CPU.ActiveCfg = Release|Any CPU
		{B7F6ECFE-02D5-4200-AF89-B865F13538A9}.Release|Any CPU.Build.0 = Release|Any CPU
	EndGlobalSection
	GlobalSection(SolutionProperties) = preSolution
		HideSolutionNode = FALSE
	EndGlobalSection
	GlobalSection(ExtensibilityGlobals) = postSolution
		SolutionGuid = {22DBCFD5-6E09-4C68-8F5F-0B69B390ABC4}
	EndGlobalSection
EndGlobal
